{
  "nodes": {
    "nixpkgs": {
      "locked": {
        "lastModified": 1609639200,
        "narHash": "sha256-VvfnfAdN+dLk6j0e1U8WA7dWnKdZx2SsweMZdXZ+DfY=",
        "owner": "NixOS",
        "repo": "nixpkgs",
        "rev": "88d2028549d0248e3415539fc0b38fc712b3c076",
        "type": "github"
      },
      "original": {
        "id": "nixpkgs",
        "type": "indirect"
      }
    },
    "root": {
      "inputs": {
        "nixpkgs": "nixpkgs",
        "utils": "utils"
      }
    },
    "utils": {
      "locked": {
        "lastModified": 1609246779,
        "narHash": "sha256-eq6ZXE/VWo3EMC65jmIT6H/rrUc9UWOWVujkzav025k=",
        "owner": "numtide",
        "repo": "flake-utils",
        "rev": "08c7ad4a0844adc4a7f9f5bb3beae482e789afa4",
        "type": "github"
      },
      "original": {
        "owner": "numtide",
        "repo": "flake-utils",
        "type": "github"
      }
    }
  },
  "root": "root",
  "version": 7
}
